
Microsoft Visual Studio Solution File, Format Version 12.00
# Visual Studio Version 17
VisualStudioVersion = 17.6.33723.286
MinimumVisualStudioVersion = 10.0.40219.1
Project("{FAE04EC0-301F-11D3-BF4B-00C04F79EFBC}") = "CONSTRUCTOR SUBMISSION ASSIGNMENT", "CONSTRUCTOR SUBMISSION ASSIGNMENT\CONSTRUCTOR SUBMISSION ASSIGNMENT.csproj", "{7CCAC8BB-8119-46BD-9B41-7FE3D289639A}"
EndProject
Global
	GlobalSection(SolutionConfigurationPlatforms) = preSolution
		Debug|Any CPU = Debug|Any CPU
		Release|Any CPU = Release|Any CPU
	EndGlobalSection
	GlobalSection(ProjectConfigurationPlatforms) = postSolution
		{7CCAC8BB-8119-46BD-9B41-7FE3D289639A}.Debug|Any CPU.ActiveCfg = Debug|Any CPU
		{7CCAC8BB-8119-46BD-9B41-7FE3D289639A}.Debug|Any CPU.Build.0 = Debug|Any CPU
		{7CCAC8BB-8119-46BD-9B41-7FE3D289639A}.Release|Any CPU.ActiveCfg = Release|Any CPU
		{7CCAC8BB-8119-46BD-9B41-7FE3D289639A}.Release|Any CPU.Build.0 = Release|Any CPU
	EndGlobalSection
	GlobalSection(SolutionProperties) = preSolution
		HideSolutionNode = FALSE
	EndGlobalSection
	GlobalSection(ExtensibilityGlobals) = postSolution
		SolutionGuid = {EE31DA70-51AE-4868-9EB9-73B1C134FB02}
	EndGlobalSection
EndGlobal
