
Microsoft Visual Studio Solution File, Format Version 12.00
# Visual Studio Version 17
VisualStudioVersion = 17.6.33723.286
MinimumVisualStudioVersion = 10.0.40219.1
Project("{FAE04EC0-301F-11D3-BF4B-00C04F79EFBC}") = "Variables and Data Types", "Variables and Data Types\Variables and Data Types.csproj", "{BEC9C40F-AE30-4C37-8395-E01AD8671A78}"
EndProject
Global
	GlobalSection(SolutionConfigurationPlatforms) = preSolution
		Debug|Any CPU = Debug|Any CPU
		Release|Any CPU = Release|Any CPU
	EndGlobalSection
	GlobalSection(ProjectConfigurationPlatforms) = postSolution
		{BEC9C40F-AE30-4C37-8395-E01AD8671A78}.Debug|Any CPU.ActiveCfg = Debug|Any CPU
		{BEC9C40F-AE30-4C37-8395-E01AD8671A78}.Debug|Any CPU.Build.0 = Debug|Any CPU
		{BEC9C40F-AE30-4C37-8395-E01AD8671A78}.Release|Any CPU.ActiveCfg = Release|Any CPU
		{BEC9C40F-AE30-4C37-8395-E01AD8671A78}.Release|Any CPU.Build.0 = Release|Any CPU
	EndGlobalSection
	GlobalSection(SolutionProperties) = preSolution
		HideSolutionNode = FALSE
	EndGlobalSection
	GlobalSection(ExtensibilityGlobals) = postSolution
		SolutionGuid = {E57698FE-16A3-4334-8320-EA06D0804967}
	EndGlobalSection
EndGlobal
