
Microsoft Visual Studio Solution File, Format Version 12.00
# Visual Studio Version 17
VisualStudioVersion = 17.6.33723.286
MinimumVisualStudioVersion = 10.0.40219.1
Project("{FAE04EC0-301F-11D3-BF4B-00C04F79EFBC}") = "While-Switch Asgn", "While-Switch Asgn\While-Switch Asgn.csproj", "{034480C4-F037-4BE0-843B-6C60606885C2}"
EndProject
Global
	GlobalSection(SolutionConfigurationPlatforms) = preSolution
		Debug|Any CPU = Debug|Any CPU
		Release|Any CPU = Release|Any CPU
	EndGlobalSection
	GlobalSection(ProjectConfigurationPlatforms) = postSolution
		{034480C4-F037-4BE0-843B-6C60606885C2}.Debug|Any CPU.ActiveCfg = Debug|Any CPU
		{034480C4-F037-4BE0-843B-6C60606885C2}.Debug|Any CPU.Build.0 = Debug|Any CPU
		{034480C4-F037-4BE0-843B-6C60606885C2}.Release|Any CPU.ActiveCfg = Release|Any CPU
		{034480C4-F037-4BE0-843B-6C60606885C2}.Release|Any CPU.Build.0 = Release|Any CPU
	EndGlobalSection
	GlobalSection(SolutionProperties) = preSolution
		HideSolutionNode = FALSE
	EndGlobalSection
	GlobalSection(ExtensibilityGlobals) = postSolution
		SolutionGuid = {0F2A88E8-53F8-4872-812A-CC425DF8FB8D}
	EndGlobalSection
EndGlobal
