
Microsoft Visual Studio Solution File, Format Version 12.00
# Visual Studio Version 17
VisualStudioVersion = 17.6.33723.286
MinimumVisualStudioVersion = 10.0.40219.1
Project("{FAE04EC0-301F-11D3-BF4B-00C04F79EFBC}") = "DATE and TIME SUBMISSION ASSIGNMENT", "DATE and TIME SUBMISSION ASSIGNMENT\DATE and TIME SUBMISSION ASSIGNMENT.csproj", "{42A685AE-B713-41F0-85C6-54D6BB12EE60}"
EndProject
Global
	GlobalSection(SolutionConfigurationPlatforms) = preSolution
		Debug|Any CPU = Debug|Any CPU
		Release|Any CPU = Release|Any CPU
	EndGlobalSection
	GlobalSection(ProjectConfigurationPlatforms) = postSolution
		{42A685AE-B713-41F0-85C6-54D6BB12EE60}.Debug|Any CPU.ActiveCfg = Debug|Any CPU
		{42A685AE-B713-41F0-85C6-54D6BB12EE60}.Debug|Any CPU.Build.0 = Debug|Any CPU
		{42A685AE-B713-41F0-85C6-54D6BB12EE60}.Release|Any CPU.ActiveCfg = Release|Any CPU
		{42A685AE-B713-41F0-85C6-54D6BB12EE60}.Release|Any CPU.Build.0 = Release|Any CPU
	EndGlobalSection
	GlobalSection(SolutionProperties) = preSolution
		HideSolutionNode = FALSE
	EndGlobalSection
	GlobalSection(ExtensibilityGlobals) = postSolution
		SolutionGuid = {1F61A817-1A7E-4CD5-8B78-467720E72AE7}
	EndGlobalSection
EndGlobal
