
Microsoft Visual Studio Solution File, Format Version 12.00
# Visual Studio Version 17
VisualStudioVersion = 17.6.33723.286
MinimumVisualStudioVersion = 10.0.40219.1
Project("{FAE04EC0-301F-11D3-BF4B-00C04F79EFBC}") = "Arrays and Lists", "Arrays and Lists\Arrays and Lists.csproj", "{10DB07B3-2A9C-4755-8FAB-EF4681528A11}"
EndProject
Global
	GlobalSection(SolutionConfigurationPlatforms) = preSolution
		Debug|Any CPU = Debug|Any CPU
		Release|Any CPU = Release|Any CPU
	EndGlobalSection
	GlobalSection(ProjectConfigurationPlatforms) = postSolution
		{10DB07B3-2A9C-4755-8FAB-EF4681528A11}.Debug|Any CPU.ActiveCfg = Debug|Any CPU
		{10DB07B3-2A9C-4755-8FAB-EF4681528A11}.Debug|Any CPU.Build.0 = Debug|Any CPU
		{10DB07B3-2A9C-4755-8FAB-EF4681528A11}.Release|Any CPU.ActiveCfg = Release|Any CPU
		{10DB07B3-2A9C-4755-8FAB-EF4681528A11}.Release|Any CPU.Build.0 = Release|Any CPU
	EndGlobalSection
	GlobalSection(SolutionProperties) = preSolution
		HideSolutionNode = FALSE
	EndGlobalSection
	GlobalSection(ExtensibilityGlobals) = postSolution
		SolutionGuid = {9DF65949-5839-491B-B341-9B9C91AED503}
	EndGlobalSection
EndGlobal
