
Microsoft Visual Studio Solution File, Format Version 12.00
# Visual Studio Version 17
VisualStudioVersion = 17.6.33723.286
MinimumVisualStudioVersion = 10.0.40219.1
Project("{FAE04EC0-301F-11D3-BF4B-00C04F79EFBC}") = "Package Express", "Package Express\Package Express.csproj", "{EC429E3D-3F43-4C18-88D6-74124BD79DB2}"
EndProject
Global
	GlobalSection(SolutionConfigurationPlatforms) = preSolution
		Debug|Any CPU = Debug|Any CPU
		Release|Any CPU = Release|Any CPU
	EndGlobalSection
	GlobalSection(ProjectConfigurationPlatforms) = postSolution
		{EC429E3D-3F43-4C18-88D6-74124BD79DB2}.Debug|Any CPU.ActiveCfg = Debug|Any CPU
		{EC429E3D-3F43-4C18-88D6-74124BD79DB2}.Debug|Any CPU.Build.0 = Debug|Any CPU
		{EC429E3D-3F43-4C18-88D6-74124BD79DB2}.Release|Any CPU.ActiveCfg = Release|Any CPU
		{EC429E3D-3F43-4C18-88D6-74124BD79DB2}.Release|Any CPU.Build.0 = Release|Any CPU
	EndGlobalSection
	GlobalSection(SolutionProperties) = preSolution
		HideSolutionNode = FALSE
	EndGlobalSection
	GlobalSection(ExtensibilityGlobals) = postSolution
		SolutionGuid = {B07BF84A-5225-4666-B83F-CE5C0F8ADD73}
	EndGlobalSection
EndGlobal
