
Microsoft Visual Studio Solution File, Format Version 12.00
# Visual Studio Version 17
VisualStudioVersion = 17.6.33723.286
MinimumVisualStudioVersion = 10.0.40219.1
Project("{FAE04EC0-301F-11D3-BF4B-00C04F79EFBC}") = "Hello World", "Hello World\Hello World.csproj", "{F0904995-E3CF-4865-B308-46F52DAFE4C0}"
EndProject
Global
	GlobalSection(SolutionConfigurationPlatforms) = preSolution
		Debug|Any CPU = Debug|Any CPU
		Release|Any CPU = Release|Any CPU
	EndGlobalSection
	GlobalSection(ProjectConfigurationPlatforms) = postSolution
		{F0904995-E3CF-4865-B308-46F52DAFE4C0}.Debug|Any CPU.ActiveCfg = Debug|Any CPU
		{F0904995-E3CF-4865-B308-46F52DAFE4C0}.Debug|Any CPU.Build.0 = Debug|Any CPU
		{F0904995-E3CF-4865-B308-46F52DAFE4C0}.Release|Any CPU.ActiveCfg = Release|Any CPU
		{F0904995-E3CF-4865-B308-46F52DAFE4C0}.Release|Any CPU.Build.0 = Release|Any CPU
	EndGlobalSection
	GlobalSection(SolutionProperties) = preSolution
		HideSolutionNode = FALSE
	EndGlobalSection
	GlobalSection(ExtensibilityGlobals) = postSolution
		SolutionGuid = {C84538B4-E408-476D-A41E-11D80CDAD8BC}
	EndGlobalSection
EndGlobal
