
Microsoft Visual Studio Solution File, Format Version 12.00
# Visual Studio Version 17
VisualStudioVersion = 17.6.33723.286
MinimumVisualStudioVersion = 10.0.40219.1
Project("{FAE04EC0-301F-11D3-BF4B-00C04F79EFBC}") = "CLASS SUBMISSION ASSIGNMENT", "CLASS SUBMISSION ASSIGNMENT\CLASS SUBMISSION ASSIGNMENT.csproj", "{A8F4CD29-525A-4496-84E1-9DC33361E233}"
EndProject
Global
	GlobalSection(SolutionConfigurationPlatforms) = preSolution
		Debug|Any CPU = Debug|Any CPU
		Release|Any CPU = Release|Any CPU
	EndGlobalSection
	GlobalSection(ProjectConfigurationPlatforms) = postSolution
		{A8F4CD29-525A-4496-84E1-9DC33361E233}.Debug|Any CPU.ActiveCfg = Debug|Any CPU
		{A8F4CD29-525A-4496-84E1-9DC33361E233}.Debug|Any CPU.Build.0 = Debug|Any CPU
		{A8F4CD29-525A-4496-84E1-9DC33361E233}.Release|Any CPU.ActiveCfg = Release|Any CPU
		{A8F4CD29-525A-4496-84E1-9DC33361E233}.Release|Any CPU.Build.0 = Release|Any CPU
	EndGlobalSection
	GlobalSection(SolutionProperties) = preSolution
		HideSolutionNode = FALSE
	EndGlobalSection
	GlobalSection(ExtensibilityGlobals) = postSolution
		SolutionGuid = {5FD9C6EE-DDA2-4FBE-8153-CDB9E710E016}
	EndGlobalSection
EndGlobal
