
Microsoft Visual Studio Solution File, Format Version 12.00
# Visual Studio Version 17
VisualStudioVersion = 17.6.33723.286
MinimumVisualStudioVersion = 10.0.40219.1
Project("{FAE04EC0-301F-11D3-BF4B-00C04F79EFBC}") = "STRINGS AND INTEGERS SUBMISSION ASSIGNMENT", "STRINGS AND INTEGERS SUBMISSION ASSIGNMENT\STRINGS AND INTEGERS SUBMISSION ASSIGNMENT.csproj", "{B7FE3755-020F-4799-8591-87506DD437CC}"
EndProject
Global
	GlobalSection(SolutionConfigurationPlatforms) = preSolution
		Debug|Any CPU = Debug|Any CPU
		Release|Any CPU = Release|Any CPU
	EndGlobalSection
	GlobalSection(ProjectConfigurationPlatforms) = postSolution
		{B7FE3755-020F-4799-8591-87506DD437CC}.Debug|Any CPU.ActiveCfg = Debug|Any CPU
		{B7FE3755-020F-4799-8591-87506DD437CC}.Debug|Any CPU.Build.0 = Debug|Any CPU
		{B7FE3755-020F-4799-8591-87506DD437CC}.Release|Any CPU.ActiveCfg = Release|Any CPU
		{B7FE3755-020F-4799-8591-87506DD437CC}.Release|Any CPU.Build.0 = Release|Any CPU
	EndGlobalSection
	GlobalSection(SolutionProperties) = preSolution
		HideSolutionNode = FALSE
	EndGlobalSection
	GlobalSection(ExtensibilityGlobals) = postSolution
		SolutionGuid = {B6DB62EA-1DE2-4117-9CE3-16C5AC6BBB74}
	EndGlobalSection
EndGlobal
