
Microsoft Visual Studio Solution File, Format Version 12.00
# Visual Studio Version 17
VisualStudioVersion = 17.6.33723.286
MinimumVisualStudioVersion = 10.0.40219.1
Project("{FAE04EC0-301F-11D3-BF4B-00C04F79EFBC}") = "TRY and CATCH ASSIGNMENT", "TRY and CATCH ASSIGNMENT\TRY and CATCH ASSIGNMENT.csproj", "{223B78F6-AF40-42A2-B8AC-F2B9A66930B9}"
EndProject
Global
	GlobalSection(SolutionConfigurationPlatforms) = preSolution
		Debug|Any CPU = Debug|Any CPU
		Release|Any CPU = Release|Any CPU
	EndGlobalSection
	GlobalSection(ProjectConfigurationPlatforms) = postSolution
		{223B78F6-AF40-42A2-B8AC-F2B9A66930B9}.Debug|Any CPU.ActiveCfg = Debug|Any CPU
		{223B78F6-AF40-42A2-B8AC-F2B9A66930B9}.Debug|Any CPU.Build.0 = Debug|Any CPU
		{223B78F6-AF40-42A2-B8AC-F2B9A66930B9}.Release|Any CPU.ActiveCfg = Release|Any CPU
		{223B78F6-AF40-42A2-B8AC-F2B9A66930B9}.Release|Any CPU.Build.0 = Release|Any CPU
	EndGlobalSection
	GlobalSection(SolutionProperties) = preSolution
		HideSolutionNode = FALSE
	EndGlobalSection
	GlobalSection(ExtensibilityGlobals) = postSolution
		SolutionGuid = {98B2E156-9569-438F-8047-D1768FDB6FDC}
	EndGlobalSection
EndGlobal
