
Microsoft Visual Studio Solution File, Format Version 12.00
# Visual Studio Version 17
VisualStudioVersion = 17.6.33723.286
MinimumVisualStudioVersion = 10.0.40219.1
Project("{FAE04EC0-301F-11D3-BF4B-00C04F79EFBC}") = "Console App, 6 Part", "Console App, 6 Part\Console App, 6 Part.csproj", "{E43746C1-33E5-4313-9C13-E78A7388A715}"
EndProject
Global
	GlobalSection(SolutionConfigurationPlatforms) = preSolution
		Debug|Any CPU = Debug|Any CPU
		Release|Any CPU = Release|Any CPU
	EndGlobalSection
	GlobalSection(ProjectConfigurationPlatforms) = postSolution
		{E43746C1-33E5-4313-9C13-E78A7388A715}.Debug|Any CPU.ActiveCfg = Debug|Any CPU
		{E43746C1-33E5-4313-9C13-E78A7388A715}.Debug|Any CPU.Build.0 = Debug|Any CPU
		{E43746C1-33E5-4313-9C13-E78A7388A715}.Release|Any CPU.ActiveCfg = Release|Any CPU
		{E43746C1-33E5-4313-9C13-E78A7388A715}.Release|Any CPU.Build.0 = Release|Any CPU
	EndGlobalSection
	GlobalSection(SolutionProperties) = preSolution
		HideSolutionNode = FALSE
	EndGlobalSection
	GlobalSection(ExtensibilityGlobals) = postSolution
		SolutionGuid = {7D6FAB37-2DCA-44AC-8633-0C6E9EE232C5}
	EndGlobalSection
EndGlobal
